
Microsoft Visual Studio Solution File, Format Version 12.00
# Visual Studio 15
Project("{FAE04EC0-301F-11D3-BF4B-00C04F79EFBC}") = "ProcessForm", "ProcessForm.csproj", "{C9AF39A8-FAEF-46E8-9E37-AB44E8A89296}"
EndProject
Global
	GlobalSection(SolutionConfigurationPlatforms) = preSolution
		Debug|Any CPU = Debug|Any CPU
		Release|Any CPU = Release|Any CPU
	EndGlobalSection
	GlobalSection(ProjectConfigurationPlatforms) = postSolution
		{C9AF39A8-FAEF-46E8-9E37-AB44E8A89296}.Debug|Any CPU.ActiveCfg = Debug|Any CPU
		{C9AF39A8-FAEF-46E8-9E37-AB44E8A89296}.Debug|Any CPU.Build.0 = Debug|Any CPU
		{C9AF39A8-FAEF-46E8-9E37-AB44E8A89296}.Release|Any CPU.ActiveCfg = Release|Any CPU
		{C9AF39A8-FAEF-46E8-9E37-AB44E8A89296}.Release|Any CPU.Build.0 = Release|Any CPU
	EndGlobalSection
EndGlobal
